
Microsoft Visual Studio Solution File, Format Version 12.00
# Visual Studio Version 17
VisualStudioVersion = 17.14.36202.13 d17.14
MinimumVisualStudioVersion = 10.0.40219.1
Project("{FAE04EC0-301F-11D3-BF4B-00C04F79EFBC}") = "Api", "Api\Api.csproj", "{DFF6CBED-89F6-4C6D-A1D6-D054EC070233}"
EndProject
Global
	GlobalSection(SolutionConfigurationPlatforms) = preSolution
		Debug|Any CPU = Debug|Any CPU
		Release|Any CPU = Release|Any CPU
	EndGlobalSection
	GlobalSection(ProjectConfigurationPlatforms) = postSolution
		{DFF6CBED-89F6-4C6D-A1D6-D054EC070233}.Debug|Any CPU.ActiveCfg = Debug|Any CPU
		{DFF6CBED-89F6-4C6D-A1D6-D054EC070233}.Debug|Any CPU.Build.0 = Debug|Any CPU
		{DFF6CBED-89F6-4C6D-A1D6-D054EC070233}.Release|Any CPU.ActiveCfg = Release|Any CPU
		{DFF6CBED-89F6-4C6D-A1D6-D054EC070233}.Release|Any CPU.Build.0 = Release|Any CPU
	EndGlobalSection
	GlobalSection(SolutionProperties) = preSolution
		HideSolutionNode = FALSE
	EndGlobalSection
	GlobalSection(ExtensibilityGlobals) = postSolution
		SolutionGuid = {903F349D-C156-4A81-AF0C-2E52BFCD6198}
	EndGlobalSection
EndGlobal
